<?xml version="1.0" encoding="utf-8"?>
<Project ToolsVersion="4.0" xmlns="http://schemas.microsoft.com/developer/msbuild/2003">
  <ItemGroup>
    <Filter Include="DirectX">
      <UniqueIdentifier>{d4799bd6-e676-47a2-a75a-3cd5417ecc62}</UniqueIdentifier>
    </Filter>
    <Filter Include="DirectX\Enum">
      <UniqueIdentifier>{6bde29f6-d895-4831-8181-fdf97b9acc03}</UniqueIdentifier>
    </Filter>
    <Filter Include="DirectX\Struct">
      <UniqueIdentifier>{c5b0b087-0ff5-4b75-959e-bd2911c6ddfa}</UniqueIdentifier>
    </Filter>
    <Filter Include="DirectX\Class">
      <UniqueIdentifier>{76668c89-b959-4987-8738-725b78d92262}</UniqueIdentifier>
    </Filter>
    <Filter Include="Assembly">
      <UniqueIdentifier>{5cc5b990-1c27-4eac-881a-a3c533e3278c}</UniqueIdentifier>
    </Filter>
    <Filter Include="PCH">
      <UniqueIdentifier>{d8fe4fd0-6924-4aaa-94a9-c68c06a0dd90}</UniqueIdentifier>
    </Filter>
    <Filter Include="Common">
      <UniqueIdentifier>{cf16340c-e6e0-4e5a-afda-afbb9034c8b0}</UniqueIdentifier>
    </Filter>
    <Filter Include="DirectX\Class\Resource">
      <UniqueIdentifier>{89b8c7a0-3fee-4c97-98f8-9d6eb853a8bd}</UniqueIdentifier>
    </Filter>
    <Filter Include="Inner">
      <UniqueIdentifier>{6c663750-5e69-490c-8264-ca3fecc46796}</UniqueIdentifier>
    </Filter>
  </ItemGroup>
  <ItemGroup>
    <ClInclude Include="Enum.h">
      <Filter>DirectX\Enum</Filter>
    </ClInclude>
    <ClInclude Include="Struct.h">
      <Filter>DirectX\Struct</Filter>
    </ClInclude>
    <ClInclude Include="Device.h">
      <Filter>DirectX\Class</Filter>
    </ClInclude>
    <ClInclude Include="pch.h">
      <Filter>PCH</Filter>
    </ClInclude>
    <ClInclude Include="Define.h">
      <Filter>Common</Filter>
    </ClInclude>
    <ClInclude Include="DXGI.h">
      <Filter>DirectX\Class</Filter>
    </ClInclude>
    <ClInclude Include="SwapChain.h">
      <Filter>DirectX\Class</Filter>
    </ClInclude>
    <ClInclude Include="DeviceContext.h">
      <Filter>DirectX\Class</Filter>
    </ClInclude>
    <ClInclude Include="DirectXWrapper.h">
      <Filter>Inner</Filter>
    </ClInclude>
    <ClInclude Include="IResource.h">
      <Filter>DirectX\Class\Resource</Filter>
    </ClInclude>
    <ClInclude Include="Texture2D.h">
      <Filter>DirectX\Class\Resource</Filter>
    </ClInclude>
    <ClInclude Include="RenderTargetView.h" />
  </ItemGroup>
  <ItemGroup>
    <ClCompile Include="Device.cpp">
      <Filter>DirectX\Class</Filter>
    </ClCompile>
    <ClCompile Include="AssemblyInfo.cpp">
      <Filter>Assembly</Filter>
    </ClCompile>
    <ClCompile Include="pch.cpp">
      <Filter>PCH</Filter>
    </ClCompile>
    <ClCompile Include="DXGI.cpp">
      <Filter>DirectX\Class</Filter>
    </ClCompile>
    <ClCompile Include="DeviceContext.cpp">
      <Filter>DirectX\Class</Filter>
    </ClCompile>
    <ClCompile Include="SwapChain.cpp">
      <Filter>DirectX\Class</Filter>
    </ClCompile>
    <ClCompile Include="Struct.cpp">
      <Filter>DirectX\Struct</Filter>
    </ClCompile>
    <ClCompile Include="IResource.cpp">
      <Filter>DirectX\Class\Resource</Filter>
    </ClCompile>
    <ClCompile Include="Texture2D.cpp">
      <Filter>DirectX\Class\Resource</Filter>
    </ClCompile>
    <ClCompile Include="RenderTargetView.cpp" />
  </ItemGroup>
</Project>